<?xml version="1.0" encoding="utf-8"?>
<Project xmlns="http://schemas.microsoft.com/developer/msbuild/2003">
  <ItemGroup>
    <Filter Include="Generated Files">
      <UniqueIdentifier>{71ED8ED8-ACB9-4CE9-BBE1-E00B30144E11}</UniqueIdentifier>
      <Extensions>cpp;c;cxx;moc;h;def;odl;idl;res;</Extensions>
    </Filter>
    <Filter Include="Generated Files">
      <UniqueIdentifier>{71ED8ED8-ACB9-4CE9-BBE1-E00B30144E11}</UniqueIdentifier>
      <Extensions>cpp;c;cxx;moc;h;def;odl;idl;res;</Extensions>
    </Filter>
    <Filter Include="Header Files">
      <UniqueIdentifier>{93995380-89BD-4b04-88EB-625FBE52EBFB}</UniqueIdentifier>
      <Extensions>h;hpp;hxx;hm;inl;inc;xsd</Extensions>
    </Filter>
    <Filter Include="Header Files">
      <UniqueIdentifier>{93995380-89BD-4b04-88EB-625FBE52EBFB}</UniqueIdentifier>
      <Extensions>h;hpp;hxx;hm;inl;inc;xsd</Extensions>
    </Filter>
    <Filter Include="Resource Files">
      <UniqueIdentifier>{D9D6E242-F8AF-46E4-B9FD-80ECBC20BA3E}</UniqueIdentifier>
      <Extensions>qrc;*</Extensions>
      <ParseFiles>false</ParseFiles>
    </Filter>
    <Filter Include="Resource Files">
      <UniqueIdentifier>{D9D6E242-F8AF-46E4-B9FD-80ECBC20BA3E}</UniqueIdentifier>
      <Extensions>qrc;*</Extensions>
      <ParseFiles>false</ParseFiles>
    </Filter>
    <Filter Include="Source Files">
      <UniqueIdentifier>{4FC737F1-C7A5-4376-A066-2A32D752A2FF}</UniqueIdentifier>
      <Extensions>cpp;c;cxx;def;odl;idl;hpj;bat;asm;asmx</Extensions>
    </Filter>
    <Filter Include="Source Files">
      <UniqueIdentifier>{4FC737F1-C7A5-4376-A066-2A32D752A2FF}</UniqueIdentifier>
      <Extensions>cpp;c;cxx;def;odl;idl;hpj;bat;asm;asmx</Extensions>
    </Filter>
  </ItemGroup>
  <ItemGroup>
    <ClCompile Include="AboutDialog.cpp">
      <Filter>Source Files</Filter>
    </ClCompile>
    <ClCompile Include="AppConfig.cpp">
      <Filter>Source Files</Filter>
    </ClCompile>
    <ClCompile Include="FindDialog.cpp">
      <Filter>Source Files</Filter>
    </ClCompile>
    <ClCompile Include="MainWindowSlots.cpp">
      <Filter>Source Files</Filter>
    </ClCompile>
    <ClCompile Include="MainWindowUI.cpp">
      <Filter>Source Files</Filter>
    </ClCompile>
    <ClCompile Include="ReplaceDialog.cpp">
      <Filter>Source Files</Filter>
    </ClCompile>
    <ClCompile Include="main.cpp">
      <Filter>Source Files</Filter>
    </ClCompile>
  </ItemGroup>
  <ItemGroup>
    <QtMoc Include="AboutDialog.h">
      <Filter>Header Files</Filter>
    </QtMoc>
    <QtMoc Include="AppConfig.h">
      <Filter>Header Files</Filter>
    </QtMoc>
    <QtMoc Include="FindDialog.h">
      <Filter>Header Files</Filter>
    </QtMoc>
    <QtMoc Include="MainWindow.h">
      <Filter>Header Files</Filter>
    </QtMoc>
    <QtMoc Include="ReplaceDialog.h">
      <Filter>Header Files</Filter>
    </QtMoc>
  </ItemGroup>
  <ItemGroup>
    
    
    
    
    
    
    
    
    
    
    <CustomBuild Include="debug\moc_predefs.h.cbt">
      <Filter>Generated Files</Filter>
    </CustomBuild>
    <CustomBuild Include="release\moc_predefs.h.cbt">
      <Filter>Generated Files</Filter>
    </CustomBuild>
    
    
  </ItemGroup>
  <ItemGroup>
    <QtRcc Include="Res.qrc">
      <Filter>Resource Files</Filter>
    </QtRcc>
    <None Include="pic\copy.png">
      <Filter>Resource Files</Filter>
    </None>
    <None Include="pic\cut.png">
      <Filter>Resource Files</Filter>
    </None>
    <None Include="pic\dt.png">
      <Filter>Resource Files</Filter>
    </None>
    <None Include="pic\find.png">
      <Filter>Resource Files</Filter>
    </None>
    <None Include="pic\font.png">
      <Filter>Resource Files</Filter>
    </None>
    <None Include="pic\goto.png">
      <Filter>Resource Files</Filter>
    </None>
    <None Include="pic\new.png">
      <Filter>Resource Files</Filter>
    </None>
    <None Include="pic\open.png">
      <Filter>Resource Files</Filter>
    </None>
    <None Include="pic\paste.png">
      <Filter>Resource Files</Filter>
    </None>
    <None Include="pic\print.png">
      <Filter>Resource Files</Filter>
    </None>
    <None Include="pic\redo.png">
      <Filter>Resource Files</Filter>
    </None>
    <None Include="pic\replace.png">
      <Filter>Resource Files</Filter>
    </None>
    <None Include="pic\save.png">
      <Filter>Resource Files</Filter>
    </None>
    <None Include="pic\saveas.png">
      <Filter>Resource Files</Filter>
    </None>
    <None Include="pic\status.png">
      <Filter>Resource Files</Filter>
    </None>
    <None Include="pic\tool.png">
      <Filter>Resource Files</Filter>
    </None>
    <None Include="pic\undo.png">
      <Filter>Resource Files</Filter>
    </None>
    <None Include="pic\wrap.png">
      <Filter>Resource Files</Filter>
    </None>
  </ItemGroup>
</Project>